
Microsoft Visual Studio Solution File, Format Version 12.00
# Visual Studio Version 17
VisualStudioVersion = 17.0.31903.59
MinimumVisualStudioVersion = 10.0.40219.1
Project("{2150E333-8FDC-42A3-9474-1A3956D46DE8}") = "src", "src", "{B4C68BC1-722B-4069-9E4D-7E7FB04FA20A}"
EndProject
Project("{FAE04EC0-301F-11D3-BF4B-00C04F79EFBC}") = "ExampleLib", "src\ExampleLib\ExampleLib.csproj", "{D3DB6112-0E76-495B-BE71-5186112A4296}"
EndProject
Project("{2150E333-8FDC-42A3-9474-1A3956D46DE8}") = "tests", "tests", "{CE774A12-53F2-4F94-ADFA-96E36863AED4}"
EndProject
Project("{FAE04EC0-301F-11D3-BF4B-00C04F79EFBC}") = "ExampleLib.UnitTests", "tests\ExampleLib.UnitTests\ExampleLib.UnitTests.csproj", "{9E45EACA-B811-400F-978F-7419AC8658D5}"
EndProject
Project("{FAE04EC0-301F-11D3-BF4B-00C04F79EFBC}") = "Lexer.UnitTests", "tests\Lexer.UnitTests\Lexer.UnitTests.csproj", "{0D82EBB6-1500-4F41-87F8-E8658875726A}"
EndProject
Project("{FAE04EC0-301F-11D3-BF4B-00C04F79EFBC}") = "Parser", "src\Parser\Parser.csproj", "{8A0842B0-F512-4207-A7AD-5C00EE6B5A8D}"
EndProject
Project("{FAE04EC0-301F-11D3-BF4B-00C04F79EFBC}") = "Parser.UnitTests", "tests\Parser.UnitTests\Parser.UnitTests.csproj", "{EF47060F-0C81-410C-A30B-64E34F4D140D}"
EndProject
Project("{FAE04EC0-301F-11D3-BF4B-00C04F79EFBC}") = "Interpreter", "src\Interpreter\Interpreter.csproj", "{9C9E5D59-E97A-47E7-AC88-8F967B91F9DB}"
EndProject
Project("{FAE04EC0-301F-11D3-BF4B-00C04F79EFBC}") = "Interpreter.Specs", "tests\Interpreter.Specs\Interpreter.Specs.csproj", "{09A125EE-33AF-4FD5-B704-6F1D25D5E7F7}"
EndProject
Global
	GlobalSection(SolutionConfigurationPlatforms) = preSolution
		Debug|Any CPU = Debug|Any CPU
		Debug|x64 = Debug|x64
		Debug|x86 = Debug|x86
		Release|Any CPU = Release|Any CPU
		Release|x64 = Release|x64
		Release|x86 = Release|x86
	EndGlobalSection
	GlobalSection(ProjectConfigurationPlatforms) = postSolution
		{D3DB6112-0E76-495B-BE71-5186112A4296}.Debug|Any CPU.ActiveCfg = Debug|Any CPU
		{D3DB6112-0E76-495B-BE71-5186112A4296}.Debug|Any CPU.Build.0 = Debug|Any CPU
		{D3DB6112-0E76-495B-BE71-5186112A4296}.Debug|x64.ActiveCfg = Debug|Any CPU
		{D3DB6112-0E76-495B-BE71-5186112A4296}.Debug|x64.Build.0 = Debug|Any CPU
		{D3DB6112-0E76-495B-BE71-5186112A4296}.Debug|x86.ActiveCfg = Debug|Any CPU
		{D3DB6112-0E76-495B-BE71-5186112A4296}.Debug|x86.Build.0 = Debug|Any CPU
		{D3DB6112-0E76-495B-BE71-5186112A4296}.Release|Any CPU.ActiveCfg = Release|Any CPU
		{D3DB6112-0E76-495B-BE71-5186112A4296}.Release|Any CPU.Build.0 = Release|Any CPU
		{D3DB6112-0E76-495B-BE71-5186112A4296}.Release|x64.ActiveCfg = Release|Any CPU
		{D3DB6112-0E76-495B-BE71-5186112A4296}.Release|x64.Build.0 = Release|Any CPU
		{D3DB6112-0E76-495B-BE71-5186112A4296}.Release|x86.ActiveCfg = Release|Any CPU
		{D3DB6112-0E76-495B-BE71-5186112A4296}.Release|x86.Build.0 = Release|Any CPU
		{9E45EACA-B811-400F-978F-7419AC8658D5}.Debug|Any CPU.ActiveCfg = Debug|Any CPU
		{9E45EACA-B811-400F-978F-7419AC8658D5}.Debug|Any CPU.Build.0 = Debug|Any CPU
		{9E45EACA-B811-400F-978F-7419AC8658D5}.Debug|x64.ActiveCfg = Debug|Any CPU
		{9E45EACA-B811-400F-978F-7419AC8658D5}.Debug|x64.Build.0 = Debug|Any CPU
		{9E45EACA-B811-400F-978F-7419AC8658D5}.Debug|x86.ActiveCfg = Debug|Any CPU
		{9E45EACA-B811-400F-978F-7419AC8658D5}.Debug|x86.Build.0 = Debug|Any CPU
		{9E45EACA-B811-400F-978F-7419AC8658D5}.Release|Any CPU.ActiveCfg = Release|Any CPU
		{9E45EACA-B811-400F-978F-7419AC8658D5}.Release|Any CPU.Build.0 = Release|Any CPU
		{9E45EACA-B811-400F-978F-7419AC8658D5}.Release|x64.ActiveCfg = Release|Any CPU
		{9E45EACA-B811-400F-978F-7419AC8658D5}.Release|x64.Build.0 = Release|Any CPU
		{9E45EACA-B811-400F-978F-7419AC8658D5}.Release|x86.ActiveCfg = Release|Any CPU
		{9E45EACA-B811-400F-978F-7419AC8658D5}.Release|x86.Build.0 = Release|Any CPU
		{0D82EBB6-1500-4F41-87F8-E8658875726A}.Debug|Any CPU.ActiveCfg = Debug|Any CPU
		{0D82EBB6-1500-4F41-87F8-E8658875726A}.Debug|Any CPU.Build.0 = Debug|Any CPU
		{0D82EBB6-1500-4F41-87F8-E8658875726A}.Debug|x64.ActiveCfg = Debug|Any CPU
		{0D82EBB6-1500-4F41-87F8-E8658875726A}.Debug|x64.Build.0 = Debug|Any CPU
		{0D82EBB6-1500-4F41-87F8-E8658875726A}.Debug|x86.ActiveCfg = Debug|Any CPU
		{0D82EBB6-1500-4F41-87F8-E8658875726A}.Debug|x86.Build.0 = Debug|Any CPU
		{0D82EBB6-1500-4F41-87F8-E8658875726A}.Release|Any CPU.ActiveCfg = Release|Any CPU
		{0D82EBB6-1500-4F41-87F8-E8658875726A}.Release|Any CPU.Build.0 = Release|Any CPU
		{0D82EBB6-1500-4F41-87F8-E8658875726A}.Release|x64.ActiveCfg = Release|Any CPU
		{0D82EBB6-1500-4F41-87F8-E8658875726A}.Release|x64.Build.0 = Release|Any CPU
		{0D82EBB6-1500-4F41-87F8-E8658875726A}.Release|x86.ActiveCfg = Release|Any CPU
		{0D82EBB6-1500-4F41-87F8-E8658875726A}.Release|x86.Build.0 = Release|Any CPU
		{8A0842B0-F512-4207-A7AD-5C00EE6B5A8D}.Debug|Any CPU.ActiveCfg = Debug|Any CPU
		{8A0842B0-F512-4207-A7AD-5C00EE6B5A8D}.Debug|Any CPU.Build.0 = Debug|Any CPU
		{8A0842B0-F512-4207-A7AD-5C00EE6B5A8D}.Debug|x64.ActiveCfg = Debug|Any CPU
		{8A0842B0-F512-4207-A7AD-5C00EE6B5A8D}.Debug|x64.Build.0 = Debug|Any CPU
		{8A0842B0-F512-4207-A7AD-5C00EE6B5A8D}.Debug|x86.ActiveCfg = Debug|Any CPU
		{8A0842B0-F512-4207-A7AD-5C00EE6B5A8D}.Debug|x86.Build.0 = Debug|Any CPU
		{8A0842B0-F512-4207-A7AD-5C00EE6B5A8D}.Release|Any CPU.ActiveCfg = Release|Any CPU
		{8A0842B0-F512-4207-A7AD-5C00EE6B5A8D}.Release|Any CPU.Build.0 = Release|Any CPU
		{8A0842B0-F512-4207-A7AD-5C00EE6B5A8D}.Release|x64.ActiveCfg = Release|Any CPU
		{8A0842B0-F512-4207-A7AD-5C00EE6B5A8D}.Release|x64.Build.0 = Release|Any CPU
		{8A0842B0-F512-4207-A7AD-5C00EE6B5A8D}.Release|x86.ActiveCfg = Release|Any CPU
		{8A0842B0-F512-4207-A7AD-5C00EE6B5A8D}.Release|x86.Build.0 = Release|Any CPU
		{EF47060F-0C81-410C-A30B-64E34F4D140D}.Debug|Any CPU.ActiveCfg = Debug|Any CPU
		{EF47060F-0C81-410C-A30B-64E34F4D140D}.Debug|Any CPU.Build.0 = Debug|Any CPU
		{EF47060F-0C81-410C-A30B-64E34F4D140D}.Debug|x64.ActiveCfg = Debug|Any CPU
		{EF47060F-0C81-410C-A30B-64E34F4D140D}.Debug|x64.Build.0 = Debug|Any CPU
		{EF47060F-0C81-410C-A30B-64E34F4D140D}.Debug|x86.ActiveCfg = Debug|Any CPU
		{EF47060F-0C81-410C-A30B-64E34F4D140D}.Debug|x86.Build.0 = Debug|Any CPU
		{EF47060F-0C81-410C-A30B-64E34F4D140D}.Release|Any CPU.ActiveCfg = Release|Any CPU
		{EF47060F-0C81-410C-A30B-64E34F4D140D}.Release|Any CPU.Build.0 = Release|Any CPU
		{EF47060F-0C81-410C-A30B-64E34F4D140D}.Release|x64.ActiveCfg = Release|Any CPU
		{EF47060F-0C81-410C-A30B-64E34F4D140D}.Release|x64.Build.0 = Release|Any CPU
		{EF47060F-0C81-410C-A30B-64E34F4D140D}.Release|x86.ActiveCfg = Release|Any CPU
		{EF47060F-0C81-410C-A30B-64E34F4D140D}.Release|x86.Build.0 = Release|Any CPU
		{9C9E5D59-E97A-47E7-AC88-8F967B91F9DB}.Debug|Any CPU.ActiveCfg = Debug|Any CPU
		{9C9E5D59-E97A-47E7-AC88-8F967B91F9DB}.Debug|Any CPU.Build.0 = Debug|Any CPU
		{9C9E5D59-E97A-47E7-AC88-8F967B91F9DB}.Debug|x64.ActiveCfg = Debug|Any CPU
		{9C9E5D59-E97A-47E7-AC88-8F967B91F9DB}.Debug|x64.Build.0 = Debug|Any CPU
		{9C9E5D59-E97A-47E7-AC88-8F967B91F9DB}.Debug|x86.ActiveCfg = Debug|Any CPU
		{9C9E5D59-E97A-47E7-AC88-8F967B91F9DB}.Debug|x86.Build.0 = Debug|Any CPU
		{9C9E5D59-E97A-47E7-AC88-8F967B91F9DB}.Release|Any CPU.ActiveCfg = Release|Any CPU
		{9C9E5D59-E97A-47E7-AC88-8F967B91F9DB}.Release|Any CPU.Build.0 = Release|Any CPU
		{9C9E5D59-E97A-47E7-AC88-8F967B91F9DB}.Release|x64.ActiveCfg = Release|Any CPU
		{9C9E5D59-E97A-47E7-AC88-8F967B91F9DB}.Release|x64.Build.0 = Release|Any CPU
		{9C9E5D59-E97A-47E7-AC88-8F967B91F9DB}.Release|x86.ActiveCfg = Release|Any CPU
		{9C9E5D59-E97A-47E7-AC88-8F967B91F9DB}.Release|x86.Build.0 = Release|Any CPU
		{09A125EE-33AF-4FD5-B704-6F1D25D5E7F7}.Debug|Any CPU.ActiveCfg = Debug|Any CPU
		{09A125EE-33AF-4FD5-B704-6F1D25D5E7F7}.Debug|Any CPU.Build.0 = Debug|Any CPU
		{09A125EE-33AF-4FD5-B704-6F1D25D5E7F7}.Debug|x64.ActiveCfg = Debug|Any CPU
		{09A125EE-33AF-4FD5-B704-6F1D25D5E7F7}.Debug|x64.Build.0 = Debug|Any CPU
		{09A125EE-33AF-4FD5-B704-6F1D25D5E7F7}.Debug|x86.ActiveCfg = Debug|Any CPU
		{09A125EE-33AF-4FD5-B704-6F1D25D5E7F7}.Debug|x86.Build.0 = Debug|Any CPU
		{09A125EE-33AF-4FD5-B704-6F1D25D5E7F7}.Release|Any CPU.ActiveCfg = Release|Any CPU
		{09A125EE-33AF-4FD5-B704-6F1D25D5E7F7}.Release|Any CPU.Build.0 = Release|Any CPU
		{09A125EE-33AF-4FD5-B704-6F1D25D5E7F7}.Release|x64.ActiveCfg = Release|Any CPU
		{09A125EE-33AF-4FD5-B704-6F1D25D5E7F7}.Release|x64.Build.0 = Release|Any CPU
		{09A125EE-33AF-4FD5-B704-6F1D25D5E7F7}.Release|x86.ActiveCfg = Release|Any CPU
		{09A125EE-33AF-4FD5-B704-6F1D25D5E7F7}.Release|x86.Build.0 = Release|Any CPU
	EndGlobalSection
	GlobalSection(SolutionProperties) = preSolution
		HideSolutionNode = FALSE
	EndGlobalSection
	GlobalSection(NestedProjects) = preSolution
		{D3DB6112-0E76-495B-BE71-5186112A4296} = {B4C68BC1-722B-4069-9E4D-7E7FB04FA20A}
		{9E45EACA-B811-400F-978F-7419AC8658D5} = {CE774A12-53F2-4F94-ADFA-96E36863AED4}
		{0D82EBB6-1500-4F41-87F8-E8658875726A} = {CE774A12-53F2-4F94-ADFA-96E36863AED4}
		{8A0842B0-F512-4207-A7AD-5C00EE6B5A8D} = {B4C68BC1-722B-4069-9E4D-7E7FB04FA20A}
		{EF47060F-0C81-410C-A30B-64E34F4D140D} = {CE774A12-53F2-4F94-ADFA-96E36863AED4}
		{9C9E5D59-E97A-47E7-AC88-8F967B91F9DB} = {B4C68BC1-722B-4069-9E4D-7E7FB04FA20A}
		{09A125EE-33AF-4FD5-B704-6F1D25D5E7F7} = {CE774A12-53F2-4F94-ADFA-96E36863AED4}
	EndGlobalSection
EndGlobal
