
Microsoft Visual Studio Solution File, Format Version 12.00
# Visual Studio Version 17
VisualStudioVersion = 17.14.36616.10 d17.14
MinimumVisualStudioVersion = 10.0.40219.1
Project("{FAE04EC0-301F-11D3-BF4B-00C04F79EFBC}") = "FactorialApp", "FactorialApp.csproj", "{6E10548C-EEA1-4D80-A531-DCD4FF92ED9B}"
EndProject
Project("{FAE04EC0-301F-11D3-BF4B-00C04F79EFBC}") = "FactorialTests", "..\FactorialTests\FactorialTests.csproj", "{83401E0A-F123-44EB-A2E8-989BAED5EB32}"
EndProject
Global
	GlobalSection(SolutionConfigurationPlatforms) = preSolution
		Debug|Any CPU = Debug|Any CPU
		Release|Any CPU = Release|Any CPU
	EndGlobalSection
	GlobalSection(ProjectConfigurationPlatforms) = postSolution
		{6E10548C-EEA1-4D80-A531-DCD4FF92ED9B}.Debug|Any CPU.ActiveCfg = Debug|Any CPU
		{6E10548C-EEA1-4D80-A531-DCD4FF92ED9B}.Debug|Any CPU.Build.0 = Debug|Any CPU
		{6E10548C-EEA1-4D80-A531-DCD4FF92ED9B}.Release|Any CPU.ActiveCfg = Release|Any CPU
		{6E10548C-EEA1-4D80-A531-DCD4FF92ED9B}.Release|Any CPU.Build.0 = Release|Any CPU
		{83401E0A-F123-44EB-A2E8-989BAED5EB32}.Debug|Any CPU.ActiveCfg = Debug|Any CPU
		{83401E0A-F123-44EB-A2E8-989BAED5EB32}.Debug|Any CPU.Build.0 = Debug|Any CPU
		{83401E0A-F123-44EB-A2E8-989BAED5EB32}.Release|Any CPU.ActiveCfg = Release|Any CPU
		{83401E0A-F123-44EB-A2E8-989BAED5EB32}.Release|Any CPU.Build.0 = Release|Any CPU
	EndGlobalSection
	GlobalSection(SolutionProperties) = preSolution
		HideSolutionNode = FALSE
	EndGlobalSection
	GlobalSection(ExtensibilityGlobals) = postSolution
		SolutionGuid = {F233256C-5195-4342-AFFE-0397EB50E386}
	EndGlobalSection
EndGlobal
